// !$*UTF8*$!
{
	archiveVersion = 1;
	classes = {
	};
	objectVersion = 46;
	objects = {

/* Begin PBXBuildFile section */
		04BD5A4E1C581F4C00029D9B /* AppDelegate.swift in Sources */ = {isa = PBXBuildFile; fileRef = 04BD5A4D1C581F4C00029D9B /* AppDelegate.swift */; };
		04BD5A501C581F4C00029D9B /* ViewController.swift in Sources */ = {isa = PBXBuildFile; fileRef = 04BD5A4F1C581F4C00029D9B /* ViewController.swift */; };
		04BD5A531C581F4C00029D9B /* Main.storyboard in Resources */ = {isa = PBXBuildFile; fileRef = 04BD5A511C581F4C00029D9B /* Main.storyboard */; };
		04BD5A551C581F4D00029D9B /* Assets.xcassets in Resources */ = {isa = PBXBuildFile; fileRef = 04BD5A541C581F4D00029D9B /* Assets.xcassets */; };
		04BD5A581C581F4D00029D9B /* LaunchScreen.storyboard in Resources */ = {isa = PBXBuildFile; fileRef = 04BD5A561C581F4D00029D9B /* LaunchScreen.storyboard */; };
/* End PBXBuildFile section */

/* Begin PBXFileReference section */
		04BD5A4A1C581F4C00029D9B /* Supercool.app */ = {isa = PBXFileReference; explicitFileType = wrapper.application; includeInIndex = 0; path = Supercool.app; sourceTree = BUILT_PRODUCTS_DIR; };
		04BD5A4D1C581F4C00029D9B /* AppDelegate.swift */ = {isa = PBXFileReference; lastKnownFileType = sourcecode.swift; path = AppDelegate.swift; sourceTree = "<group>"; };
		04BD5A4F1C581F4C00029D9B /* ViewController.swift */ = {isa = PBXFileReference; lastKnownFileType = sourcecode.swift; path = ViewController.swift; sourceTree = "<group>"; };
		04BD5A521C581F4C00029D9B /* Base */ = {isa = PBXFileReference; lastKnownFileType = file.storyboard; name = Base; path = Base.lproj/Main.storyboard; sourceTree = "<group>"; };
		04BD5A541C581F4D00029D9B /* Assets.xcassets */ = {isa = PBXFileReference; lastKnownFileType = folder.assetcatalog; path = Assets.xcassets; sourceTree = "<group>"; };
		04BD5A571C581F4D00029D9B /* Base */ = {isa = PBXFileReference; lastKnownFileType = file.storyboard; name = Base; path = Base.lproj/LaunchScreen.storyboard; sourceTree = "<group>"; };
		04BD5A591C581F4D00029D9B /* Info.plist */ = {isa = PBXFileReference; lastKnownFileType = text.plist.xml; path = Info.plist; sourceTree = "<group>"; };
/* End PBXFileReference section */

/* Begin PBXFrameworksBuildPhase section */
		04BD5A471C581F4C00029D9B /* Frameworks */ = {
			isa = PBXFrameworksBuildPhase;
			buildActionMask = 2147483647;
			files = (
			);
			runOnlyForDeploymentPostprocessing = 0;
		};
/* End PBXFrameworksBuildPhase section */

/* Begin PBXGroup section */
		04BD5A411C581F4C00029D9B = {
			isa = PBXGroup;
			children = (
				04BD5A4C1C581F4C00029D9B /* Supercool */,
				04BD5A4B1C581F4C00029D9B /* Products */,
			);
			sourceTree = "<group>";
		};
		04BD5A4B1C581F4C00029D9B /* Products */ = {
			isa = PBXGroup;
			children = (
				04BD5A4A1C581F4C00029D9B /* Supercool.app */,
			);
			name = Products;
			sourceTree = "<group>";
		};
		04BD5A4C1C581F4C00029D9B /* Supercool */ = {
			isa = PBXGroup;
			children = (
				04BD5A4D1C581F4C00029D9B /* AppDelegate.swift */,
				04BD5A4F1C581F4C00029D9B /* ViewController.swift */,
				04BD5A511C581F4C00029D9B /* Main.storyboard */,
				04BD5A541C581F4D00029D9B /* Assets.xcassets */,
				04BD5A561C581F4D00029D9B /* LaunchScreen.storyboard */,
				04BD5A591C581F4D00029D9B /* Info.plist */,
			);
			path = Supercool;
			sourceTree = "<group>";
		};
/* End PBXGroup section */

/* Begin PBXNativeTarget section */
		04BD5A491C581F4C00029D9B /* Supercool */ = {
			isa = PBXNativeTarget;
			buildConfigurationList = 04BD5A5C1C581F4D00029D9B /* Build configuration list for PBXNativeTarget "Supercool" */;
			buildPhases = (
				04BD5A461C581F4C00029D9B /* Sources */,
				04BD5A471C581F4C00029D9B /* Frameworks */,
				04BD5A481C581F4C00029D9B /* Resources */,
			);
			buildRules = (
			);
			dependencies = (
			);
			name = Supercool;
			productName = Supercool;
			productReference = 04BD5A4A1C581F4C00029D9B /* Supercool.app */;
			productType = "com.apple.product-type.application";
		};
/* End PBXNativeTarget section */

/* Begin PBXProject section */
		04BD5A421C581F4C00029D9B /* Project object */ = {
			isa = PBXProject;
			attributes = {
				LastSwiftUpdateCheck = 0720;
				LastUpgradeCheck = 0720;
				ORGANIZATIONNAME = Coolness;
				TargetAttributes = {
					04BD5A491C581F4C00029D9B = {
						CreatedOnToolsVersion = 7.2;
					};
				};
			};
			buildConfigurationList = 04BD5A451C581F4C00029D9B /* Build configuration list for PBXProject "Supercool" */;
			compatibilityVersion = "Xcode 3.2";
			developmentRegion = English;
			hasScannedForEncodings = 0;
			knownRegions = (
				en,
				Base,
			);
			mainGroup = 04BD5A411C581F4C00029D9B;
			productRefGroup = 04BD5A4B1C581F4C00029D9B /* Products */;
			projectDirPath = "";
			projectRoot = "";
			targets = (
				04BD5A491C581F4C00029D9B /* Supercool */,
			);
		};
/* End PBXProject section */

/* Begin PBXResourcesBuildPhase section */
		04BD5A481C581F4C00029D9B /* Resources */ = {
			isa = PBXResourcesBuildPhase;
			buildActionMask = 2147483647;
			files = (
				04BD5A581C581F4D00029D9B /* LaunchScreen.storyboard in Resources */,
				04BD5A551C581F4D00029D9B /* Assets.xcassets in Resources */,
				04BD5A531C581F4C00029D9B /* Main.storyboard in Resources */,
			);
			runOnlyForDeploymentPostprocessing = 0;
		};
/* End PBXResourcesBuildPhase section */

/* Begin PBXSourcesBuildPhase section */
		04BD5A461C581F4C00029D9B /* Sources */ = {
			isa = PBXSourcesBuildPhase;
			buildActionMask = 2147483647;
			files = (
				04BD5A501C581F4C00029D9B /* ViewController.swift in Sources */,
				04BD5A4E1C581F4C00029D9B /* AppDelegate.swift in Sources */,
			);
			runOnlyForDeploymentPostprocessing = 0;
		};
/* End PBXSourcesBuildPhase section */

/* Begin PBXVariantGroup section */
		04BD5A511C581F4C00029D9B /* Main.storyboard */ = {
			isa = PBXVariantGroup;
			children = (
				04BD5A521C581F4C00029D9B /* Base */,
			);
			name = Main.storyboard;
			sourceTree = "<group>";
		};
		04BD5A561C581F4D00029D9B /* LaunchScreen.storyboard */ = {
			isa = PBXVariantGroup;
			children = (
				04BD5A571C581F4D00029D9B /* Base */,
			);
			name = LaunchScreen.storyboard;
			sourceTree = "<group>";
		};
/* End PBXVariantGroup section */

/* Begin XCBuildConfiguration section */
		04BD5A5A1C581F4D00029D9B /* Debug */ = {
			isa = XCBuildConfiguration;
			buildSettings = {
				ALWAYS_SEARCH_USER_PATHS = NO;
				CLANG_CXX_LANGUAGE_STANDARD = "gnu++0x";
				CLANG_CXX_LIBRARY = "libc++";
				CLANG_ENABLE_MODULES = YES;
				CLANG_ENABLE_OBJC_ARC = YES;
				CLANG_WARN_BOOL_CONVERSION = YES;
				CLANG_WARN_CONSTANT_CONVERSION = YES;
				CLANG_WARN_DIRECT_OBJC_ISA_USAGE = YES_ERROR;
				CLANG_WARN_EMPTY_BODY = YES;
				CLANG_WARN_ENUM_CONVERSION = YES;
				CLANG_WARN_INT_CONVERSION = YES;
				CLANG_WARN_OBJC_ROOT_CLASS = YES_ERROR;
				CLANG_WARN_UNREACHABLE_CODE = YES;
				CLANG_WARN__DUPLICATE_METHOD_MATCH = YES;
				"CODE_SIGN_IDENTITY[sdk=iphoneos*]" = "iPhone Developer";
				COPY_PHASE_STRIP = NO;
				DEBUG_INFORMATION_FORMAT = dwarf;
				ENABLE_STRICT_OBJC_MSGSEND = YES;
				ENABLE_TESTABILITY = YES;
				GCC_C_LANGUAGE_STANDARD = gnu99;
				GCC_DYNAMIC_NO_PIC = NO;
				GCC_NO_COMMON_BLOCKS = YES;
				GCC_OPTIMIZATION_LEVEL = 0;
				GCC_PREPROCESSOR_DEFINITIONS = (
					"DEBUG=1",
					"$(inherited)",
				);
				GCC_WARN_64_TO_32_BIT_CONVERSION = YES;
				GCC_WARN_ABOUT_RETURN_TYPE = YES_ERROR;
				GCC_WARN_UNDECLARED_SELECTOR = YES;
				GCC_WARN_UNINITIALIZED_AUTOS = YES_AGGRESSIVE;
				GCC_WARN_UNUSED_FUNCTION = YES;
				GCC_WARN_UNUSED_VARIABLE = YES;
				IPHONEOS_DEPLOYMENT_TARGET = 9.2;
				MTL_ENABLE_DEBUG_INFO = YES;
				ONLY_ACTIVE_ARCH = YES;
				SDKROOT = iphoneos;
				SWIFT_OPTIMIZATION_LEVEL = "-Onone";
			};
			name = Debug;
		};
		04BD5A5B1C581F4D00029D9B /* Release */ = {
			isa = XCBuildConfiguration;
			buildSettings = {
				ALWAYS_SEARCH_USER_PATHS = NO;
				CLANG_CXX_LANGUAGE_STANDARD = "gnu++0x";
				CLANG_CXX_LIBRARY = "libc++";
				CLANG_ENABLE_MODULES = YES;
				CLANG_ENABLE_OBJC_ARC = YES;
				CLANG_WARN_BOOL_CONVERSION = YES;
				CLANG_WARN_CONSTANT_CONVERSION = YES;
				CLANG_WARN_DIRECT_OBJC_ISA_USAGE = YES_ERROR;
				CLANG_WARN_EMPTY_BODY = YES;
				CLANG_WARN_ENUM_CONVERSION = YES;
				CLANG_WARN_INT_CONVERSION = YES;
				CLANG_WARN_OBJC_ROOT_CLASS = YES_ERROR;
				CLANG_WARN_UNREACHABLE_CODE = YES;
				CLANG_WARN__DUPLICATE_METHOD_MATCH = YES;
				"CODE_SIGN_IDENTITY[sdk=iphoneos*]" = "iPhone Developer";
				COPY_PHASE_STRIP = NO;
				DEBUG_INFORMATION_FORMAT = "dwarf-with-dsym";
				ENABLE_NS_ASSERTIONS = NO;
				ENABLE_STRICT_OBJC_MSGSEND = YES;
				GCC_C_LANGUAGE_STANDARD = gnu99;
				GCC_NO_COMMON_BLOCKS = YES;
				GCC_WARN_64_TO_32_BIT_CONVERSION = YES;
				GCC_WARN_ABOUT_RETURN_TYPE = YES_ERROR;
				GCC_WARN_UNDECLARED_SELECTOR = YES;
				GCC_WARN_UNINITIALIZED_AUTOS = YES_AGGRESSIVE;
				GCC_WARN_UNUSED_FUNCTION = YES;
				GCC_WARN_UNUSED_VARIABLE = YES;
				IPHONEOS_DEPLOYMENT_TARGET = 9.2;
				MTL_ENABLE_DEBUG_INFO = NO;
				SDKROOT = iphoneos;
				VALIDATE_PRODUCT = YES;
			};
			name = Release;
		};
		04BD5A5D1C581F4D00029D9B /* Debug */ = {
			isa = XCBuildConfiguration;
			buildSettings = {
				ASSETCATALOG_COMPILER_APPICON_NAME = AppIcon;
				INFOPLIST_FILE = Supercool/Info.plist;
				LD_RUNPATH_SEARCH_PATHS = "$(inherited) @executable_path/Frameworks";
				PRODUCT_BUNDLE_IDENTIFIER = com.coolness.Supercool;
				PRODUCT_NAME = "$(TARGET_NAME)";
			};
			name = Debug;
		};
		04BD5A5E1C581F4D00029D9B /* Release */ = {
			isa = XCBuildConfiguration;
			buildSettings = {
				ASSETCATALOG_COMPILER_APPICON_NAME = AppIcon;
				INFOPLIST_FILE = Supercool/Info.plist;
				LD_RUNPATH_SEARCH_PATHS = "$(inherited) @executable_path/Frameworks";
				PRODUCT_BUNDLE_IDENTIFIER = com.coolness.Supercool;
				PRODUCT_NAME = "$(TARGET_NAME)";
			};
			name = Release;
		};
/* End XCBuildConfiguration section */

/* Begin XCConfigurationList section */
		04BD5A451C581F4C00029D9B /* Build configuration list for PBXProject "Supercool" */ = {
			isa = XCConfigurationList;
			buildConfigurations = (
				04BD5A5A1C581F4D00029D9B /* Debug */,
				04BD5A5B1C581F4D00029D9B /* Release */,
			);
			defaultConfigurationIsVisible = 0;
			defaultConfigurationName = Release;
		};
		04BD5A5C1C581F4D00029D9B /* Build configuration list for PBXNativeTarget "Supercool" */ = {
			isa = XCConfigurationList;
			buildConfigurations = (
				04BD5A5D1C581F4D00029D9B /* Debug */,
				04BD5A5E1C581F4D00029D9B /* Release */,
			);
			defaultConfigurationIsVisible = 0;
		};
/* End XCConfigurationList section */
	};
	rootObject = 04BD5A421C581F4C00029D9B /* Project object */;
}
